
Microsoft Visual Studio Solution File, Format Version 12.00
# Visual Studio Version 18
VisualStudioVersion = 18.4.11626.88
MinimumVisualStudioVersion = 10.0.40219.1
Project("{FAE04EC0-301F-11D3-BF4B-00C04F79EFBC}") = "CapitalUniversity.API", "src\1.API\CapitalUniversity.API\CapitalUniversity.API.csproj", "{B647B9EB-9F7F-450A-A512-BCAB0FE67270}"
EndProject
Project("{FAE04EC0-301F-11D3-BF4B-00C04F79EFBC}") = "CapitalUniversity.SharedKernel", "src\3.SharedKernel\CapitalUniversity.SharedKernel\CapitalUniversity.SharedKernel.csproj", "{02A518FE-2921-4986-9584-F5CDFB087432}"
EndProject
Project("{FAE04EC0-301F-11D3-BF4B-00C04F79EFBC}") = "CapitalUniversity.Application", "src\5.Application\CapitalUniversity.Application\CapitalUniversity.Application.csproj", "{5774AB9D-14DB-437C-8730-E2FBEEB2F494}"
EndProject
Project("{2150E333-8FDC-42A3-9474-1A3956D46DE8}") = "src", "src", "{02EA681E-C7D8-13C7-8484-4AC65E1B71E8}"
EndProject
Project("{2150E333-8FDC-42A3-9474-1A3956D46DE8}") = "1.API", "1.API", "{CB1BAEB3-CC85-4882-95EB-86A0B2857743}"
EndProject
Project("{2150E333-8FDC-42A3-9474-1A3956D46DE8}") = "2.Core", "2.Core", "{95B6F1B1-E590-4146-9B8C-AE61B53A1EE2}"
EndProject
Project("{2150E333-8FDC-42A3-9474-1A3956D46DE8}") = "3.SharedKernel", "3.SharedKernel", "{9D57B6C8-101F-4565-88BC-FC7C1E2B3771}"
EndProject
Project("{2150E333-8FDC-42A3-9474-1A3956D46DE8}") = "4.Modules", "4.Modules", "{05BB4593-248D-4292-B05B-06FF83355A2D}"
EndProject
Project("{2150E333-8FDC-42A3-9474-1A3956D46DE8}") = "5.Application", "5.Application", "{FB50272E-FFB4-44FD-B504-FE4AA3450088}"
EndProject
Project("{2150E333-8FDC-42A3-9474-1A3956D46DE8}") = "tests", "tests", "{0D47B5B3-C8F4-4034-92A3-7A0091B7E2BB}"
EndProject
Project("{FAE04EC0-301F-11D3-BF4B-00C04F79EFBC}") = "CapitalUniversity.Core.Abstractions", "src\2.Core\CapitalUniversity.Core.Abstractions\CapitalUniversity.Core.Abstractions.csproj", "{7BFB8E1C-B248-4CBF-AC7D-9E8AD2CDFF06}"
EndProject
Project("{FAE04EC0-301F-11D3-BF4B-00C04F79EFBC}") = "CapitalUniversity.Core.Domain", "src\2.Core\CapitalUniversity.Core.Domain\CapitalUniversity.Core.Domain.csproj", "{5C6AABD0-26E9-4C37-AA1B-7C5EBECB6AF1}"
EndProject
Project("{FAE04EC0-301F-11D3-BF4B-00C04F79EFBC}") = "CapitalUniversity.Core.Application", "src\2.Core\CapitalUniversity.Core.Application\CapitalUniversity.Core.Application.csproj", "{CECACE5D-AA07-4CC1-AAB3-420BE78C588C}"
EndProject
Project("{FAE04EC0-301F-11D3-BF4B-00C04F79EFBC}") = "CapitalUniversity.Core.Infrastructure", "src\2.Core\CapitalUniversity.Core.Infrastructure\CapitalUniversity.Core.Infrastructure.csproj", "{D33E5797-8D3F-45FF-8925-B04C541FE596}"
EndProject
Project("{FAE04EC0-301F-11D3-BF4B-00C04F79EFBC}") = "CapitalUniversity.Core.UniTests", "tests\Core.UniTests\CapitalUniversity.Core.UniTests.csproj", "{525521F4-32D6-4948-31A0-E00F3BD3DFB0}"
EndProject
Project("{FAE04EC0-301F-11D3-BF4B-00C04F79EFBC}") = "CapitalUniversity.Core.IntegrationsTests", "tests\Core.IntegrationsTests\CapitalUniversity.Core.IntegrationsTests.csproj", "{2AA139D8-512D-F5D6-C729-BC55EAAB4EA1}"
EndProject
Project("{FAE04EC0-301F-11D3-BF4B-00C04F79EFBC}") = "CapitalUniversity.Contract.Tests", "tests\Contract.Tests\CapitalUniversity.Contract.Tests.csproj", "{5D97F848-797F-C8C5-1082-826CB0C860D0}"
EndProject
Project("{FAE04EC0-301F-11D3-BF4B-00C04F79EFBC}") = "CapitalUniversity.Architecture.Tests", "tests\Architecture.Tests\CapitalUniversity.Architecture.Tests.csproj", "{3306EFAF-4894-B410-A69D-9219009CDCDC}"
EndProject
Project("{FAE04EC0-301F-11D3-BF4B-00C04F79EFBC}") = "CapitalUniversity.Module.Payments.Abstractions", "src\4.Modules\CapitalUniversity.Module.Payments.Abstractions\CapitalUniversity.Module.Payments.Abstractions.csproj", "{6BF5C5D6-5983-4C5F-AB7A-EEB16F58C840}"
EndProject
Project("{FAE04EC0-301F-11D3-BF4B-00C04F79EFBC}") = "CapitalUniversity.Module.Payments", "src\4.Modules\CapitalUniversity.Module.Payments\CapitalUniversity.Module.Payments.csproj", "{09B1A940-D74A-4575-8153-B21A87613048}"
EndProject
Project("{FAE04EC0-301F-11D3-BF4B-00C04F79EFBC}") = "CapitalUniversity.Module.Student.Abstractions", "src\4.Modules\CapitalUniversity.Module.Student.Abstractions\CapitalUniversity.Module.Student.Abstractions.csproj", "{4B51F831-B61F-4912-A890-6EDEAE28078A}"
EndProject
Project("{FAE04EC0-301F-11D3-BF4B-00C04F79EFBC}") = "CapitalUniversity.Module.Student", "src\4.Modules\CapitalUniversity.Module.Student\CapitalUniversity.Module.Student.csproj", "{C1F451B7-403D-4B1E-B0F3-AACA462A4221}"
EndProject
Project("{FAE04EC0-301F-11D3-BF4B-00C04F79EFBC}") = "CapitalUniversity.Module.CourseOffering", "src\4.Modules\CapitalUniversity.Module.CourseOffering\CapitalUniversity.Module.CourseOffering.csproj", "{4E6F8074-03EA-4B38-EEAB-F6322399E7B5}"
EndProject
Project("{FAE04EC0-301F-11D3-BF4B-00C04F79EFBC}") = "CapitalUniversity.Module.CourseOffering.Abstractions", "src\4.Modules\CapitalUniversity.Module.CourseOffering.Abstractions\CapitalUniversity.Module.CourseOffering.Abstractions.csproj", "{0428DBBE-AF00-C5CE-CF38-0169EE91C8CF}"
EndProject
Project("{FAE04EC0-301F-11D3-BF4B-00C04F79EFBC}") = "CapitalUniversity.Module.Schedule", "src\4.Modules\CapitalUniversity.Module.Schedule\CapitalUniversity.Module.Schedule.csproj", "{8916F5F1-E53C-B523-83CF-7F7BE0C557D2}"
EndProject
Project("{FAE04EC0-301F-11D3-BF4B-00C04F79EFBC}") = "CapitalUniversity.Module.Schedule.Abstractions", "src\4.Modules\CapitalUniversity.Module.Schedule.Abstractions\CapitalUniversity.Module.Schedule.Abstractions.csproj", "{E3634C04-C7AF-6558-D395-7528A3731B3B}"
EndProject
Project("{2150E333-8FDC-42A3-9474-1A3956D46DE8}") = "5.Sync", "5.Sync", "{A8910A58-0136-1637-1150-AFD5E982F66A}"
EndProject
Project("{FAE04EC0-301F-11D3-BF4B-00C04F79EFBC}") = "CapitalUniversity.Sync.Abstractions", "src\5.Sync\CapitalUniversity.Sync.Abstractions\CapitalUniversity.Sync.Abstractions.csproj", "{E3308272-A458-494E-98A2-1B7C04AB8AC3}"
EndProject
Project("{FAE04EC0-301F-11D3-BF4B-00C04F79EFBC}") = "CapitalUniversity.Sync.Infrastructure", "src\5.Sync\CapitalUniversity.Sync.Infrastructure\CapitalUniversity.Sync.Infrastructure.csproj", "{7F27D1CD-BC5D-4456-8E6B-4E63D2A03586}"
EndProject
Project("{FAE04EC0-301F-11D3-BF4B-00C04F79EFBC}") = "CapitalUniversity.Sync.Host", "src\5.Sync\CapitalUniversity.Sync.Host\CapitalUniversity.Sync.Host.csproj", "{2C918C29-F989-40F1-B1E4-80FEC0F569EB}"
EndProject
Project("{FAE04EC0-301F-11D3-BF4B-00C04F79EFBC}") = "CapitalUniversity.Sync.Persistence", "src\5.Sync\CapitalUniversity.Sync.Persistence\CapitalUniversity.Sync.Persistence.csproj", "{1FECD1FB-4BAA-42AF-8E4A-798C5FF7978A}"
EndProject
Project("{FAE04EC0-301F-11D3-BF4B-00C04F79EFBC}") = "CapitalUniversity.Sync.Student", "src\5.Sync\CapitalUniversity.Sync.Student\CapitalUniversity.Sync.Student.csproj", "{B3D66B39-73E9-4431-BD9E-D2717762F46F}"
EndProject
Project("{2150E333-8FDC-42A3-9474-1A3956D46DE8}") = "5.Sync", "5.Sync", "{5E746822-4A82-662F-85CB-D280CE59549D}"
EndProject
Project("{FAE04EC0-301F-11D3-BF4B-00C04F79EFBC}") = "CapitalUniversity.Sync.Staff", "src\5.Sync\CapitalUniversity.Sync.Staff\CapitalUniversity.Sync.Staff.csproj", "{11C86CEB-1F51-4632-A35F-58E9ACBD329A}"
EndProject
Project("{2150E333-8FDC-42A3-9474-1A3956D46DE8}") = "Sync.Tests", "Sync.Tests", "{DDA592C9-B832-B684-8271-BCA359D343F4}"
EndProject
Project("{FAE04EC0-301F-11D3-BF4B-00C04F79EFBC}") = "CapitalUniversity.Sync.Tests", "tests\Sync.Tests\CapitalUniversity.Sync.Tests.csproj", "{C0EFCC4E-1428-483E-B942-2017CD2AE90E}"
EndProject
Project("{FAE04EC0-301F-11D3-BF4B-00C04F79EFBC}") = "CapitalUniversity.Sync.Courses", "src\5.Sync\CapitalUniversity.Sync.Courses\CapitalUniversity.Sync.Courses.csproj", "{7CEFDF29-C83A-4324-83EF-C7264729E183}"
EndProject
Project("{FAE04EC0-301F-11D3-BF4B-00C04F79EFBC}") = "CapitalUniversity.Sync.Schedules", "src\5.Sync\CapitalUniversity.Sync.Schedules\CapitalUniversity.Sync.Schedules.csproj", "{026D413B-6BA1-4CF9-952C-F7593BA13ABF}"
EndProject
Project("{FAE04EC0-301F-11D3-BF4B-00C04F79EFBC}") = "CapitalUniversity.Module.Registration.Abstractions", "src\4.Modules\CapitalUniversity.Module.Registration.Abstractions\CapitalUniversity.Module.Registration.Abstractions.csproj", "{9B08710F-2FAC-4957-A588-E14B3F9F2EC0}"
EndProject
Project("{FAE04EC0-301F-11D3-BF4B-00C04F79EFBC}") = "CapitalUniversity.Module.Registration", "src\4.Modules\CapitalUniversity.Module.Registration\CapitalUniversity.Module.Registration.csproj", "{FB4B2025-2791-4D93-BBA1-A67BBD75F769}"
EndProject
Project("{FAE04EC0-301F-11D3-BF4B-00C04F79EFBC}") = "CapitalUniversity.Sync.Registration", "src\5.Sync\CapitalUniversity.Sync.Registration\CapitalUniversity.Sync.Registration.csproj", "{9483E7BF-E09F-4E89-8EC7-41BF00B2B14B}"
EndProject
Project("{FAE04EC0-301F-11D3-BF4B-00C04F79EFBC}") = "CapitalUniversity.Module.AcademicRecords.Abstractions", "src\4.Modules\CapitalUniversity.Module.AcademicRecords.Abstractions\CapitalUniversity.Module.AcademicRecords.Abstractions.csproj", "{8E851B4C-FB56-431D-A9B6-7762AEDBB715}"
EndProject
Project("{FAE04EC0-301F-11D3-BF4B-00C04F79EFBC}") = "CapitalUniversity.Module.AcademicRecords", "src\4.Modules\CapitalUniversity.Module.AcademicRecords\CapitalUniversity.Module.AcademicRecords.csproj", "{E27D320E-DED0-4BC9-9ADE-89EDC48E44DA}"
EndProject
Global
	GlobalSection(SolutionConfigurationPlatforms) = preSolution
		Debug|Any CPU = Debug|Any CPU
		Debug|x64 = Debug|x64
		Debug|x86 = Debug|x86
		Release|Any CPU = Release|Any CPU
		Release|x64 = Release|x64
		Release|x86 = Release|x86
	EndGlobalSection
	GlobalSection(ProjectConfigurationPlatforms) = postSolution
		{B647B9EB-9F7F-450A-A512-BCAB0FE67270}.Debug|Any CPU.ActiveCfg = Debug|Any CPU
		{B647B9EB-9F7F-450A-A512-BCAB0FE67270}.Debug|Any CPU.Build.0 = Debug|Any CPU
		{B647B9EB-9F7F-450A-A512-BCAB0FE67270}.Debug|x64.ActiveCfg = Debug|Any CPU
		{B647B9EB-9F7F-450A-A512-BCAB0FE67270}.Debug|x64.Build.0 = Debug|Any CPU
		{B647B9EB-9F7F-450A-A512-BCAB0FE67270}.Debug|x86.ActiveCfg = Debug|Any CPU
		{B647B9EB-9F7F-450A-A512-BCAB0FE67270}.Debug|x86.Build.0 = Debug|Any CPU
		{B647B9EB-9F7F-450A-A512-BCAB0FE67270}.Release|Any CPU.ActiveCfg = Release|Any CPU
		{B647B9EB-9F7F-450A-A512-BCAB0FE67270}.Release|Any CPU.Build.0 = Release|Any CPU
		{B647B9EB-9F7F-450A-A512-BCAB0FE67270}.Release|x64.ActiveCfg = Release|Any CPU
		{B647B9EB-9F7F-450A-A512-BCAB0FE67270}.Release|x64.Build.0 = Release|Any CPU
		{B647B9EB-9F7F-450A-A512-BCAB0FE67270}.Release|x86.ActiveCfg = Release|Any CPU
		{B647B9EB-9F7F-450A-A512-BCAB0FE67270}.Release|x86.Build.0 = Release|Any CPU
		{02A518FE-2921-4986-9584-F5CDFB087432}.Debug|Any CPU.ActiveCfg = Debug|Any CPU
		{02A518FE-2921-4986-9584-F5CDFB087432}.Debug|Any CPU.Build.0 = Debug|Any CPU
		{02A518FE-2921-4986-9584-F5CDFB087432}.Debug|x64.ActiveCfg = Debug|Any CPU
		{02A518FE-2921-4986-9584-F5CDFB087432}.Debug|x64.Build.0 = Debug|Any CPU
		{02A518FE-2921-4986-9584-F5CDFB087432}.Debug|x86.ActiveCfg = Debug|Any CPU
		{02A518FE-2921-4986-9584-F5CDFB087432}.Debug|x86.Build.0 = Debug|Any CPU
		{02A518FE-2921-4986-9584-F5CDFB087432}.Release|Any CPU.ActiveCfg = Release|Any CPU
		{02A518FE-2921-4986-9584-F5CDFB087432}.Release|Any CPU.Build.0 = Release|Any CPU
		{02A518FE-2921-4986-9584-F5CDFB087432}.Release|x64.ActiveCfg = Release|Any CPU
		{02A518FE-2921-4986-9584-F5CDFB087432}.Release|x64.Build.0 = Release|Any CPU
		{02A518FE-2921-4986-9584-F5CDFB087432}.Release|x86.ActiveCfg = Release|Any CPU
		{02A518FE-2921-4986-9584-F5CDFB087432}.Release|x86.Build.0 = Release|Any CPU
		{5774AB9D-14DB-437C-8730-E2FBEEB2F494}.Debug|Any CPU.ActiveCfg = Debug|Any CPU
		{5774AB9D-14DB-437C-8730-E2FBEEB2F494}.Debug|Any CPU.Build.0 = Debug|Any CPU
		{5774AB9D-14DB-437C-8730-E2FBEEB2F494}.Debug|x64.ActiveCfg = Debug|Any CPU
		{5774AB9D-14DB-437C-8730-E2FBEEB2F494}.Debug|x64.Build.0 = Debug|Any CPU
		{5774AB9D-14DB-437C-8730-E2FBEEB2F494}.Debug|x86.ActiveCfg = Debug|Any CPU
		{5774AB9D-14DB-437C-8730-E2FBEEB2F494}.Debug|x86.Build.0 = Debug|Any CPU
		{5774AB9D-14DB-437C-8730-E2FBEEB2F494}.Release|Any CPU.ActiveCfg = Release|Any CPU
		{5774AB9D-14DB-437C-8730-E2FBEEB2F494}.Release|Any CPU.Build.0 = Release|Any CPU
		{5774AB9D-14DB-437C-8730-E2FBEEB2F494}.Release|x64.ActiveCfg = Release|Any CPU
		{5774AB9D-14DB-437C-8730-E2FBEEB2F494}.Release|x64.Build.0 = Release|Any CPU
		{5774AB9D-14DB-437C-8730-E2FBEEB2F494}.Release|x86.ActiveCfg = Release|Any CPU
		{5774AB9D-14DB-437C-8730-E2FBEEB2F494}.Release|x86.Build.0 = Release|Any CPU
		{7BFB8E1C-B248-4CBF-AC7D-9E8AD2CDFF06}.Debug|Any CPU.ActiveCfg = Debug|Any CPU
		{7BFB8E1C-B248-4CBF-AC7D-9E8AD2CDFF06}.Debug|Any CPU.Build.0 = Debug|Any CPU
		{7BFB8E1C-B248-4CBF-AC7D-9E8AD2CDFF06}.Debug|x64.ActiveCfg = Debug|Any CPU
		{7BFB8E1C-B248-4CBF-AC7D-9E8AD2CDFF06}.Debug|x64.Build.0 = Debug|Any CPU
		{7BFB8E1C-B248-4CBF-AC7D-9E8AD2CDFF06}.Debug|x86.ActiveCfg = Debug|Any CPU
		{7BFB8E1C-B248-4CBF-AC7D-9E8AD2CDFF06}.Debug|x86.Build.0 = Debug|Any CPU
		{7BFB8E1C-B248-4CBF-AC7D-9E8AD2CDFF06}.Release|Any CPU.ActiveCfg = Release|Any CPU
		{7BFB8E1C-B248-4CBF-AC7D-9E8AD2CDFF06}.Release|Any CPU.Build.0 = Release|Any CPU
		{7BFB8E1C-B248-4CBF-AC7D-9E8AD2CDFF06}.Release|x64.ActiveCfg = Release|Any CPU
		{7BFB8E1C-B248-4CBF-AC7D-9E8AD2CDFF06}.Release|x64.Build.0 = Release|Any CPU
		{7BFB8E1C-B248-4CBF-AC7D-9E8AD2CDFF06}.Release|x86.ActiveCfg = Release|Any CPU
		{7BFB8E1C-B248-4CBF-AC7D-9E8AD2CDFF06}.Release|x86.Build.0 = Release|Any CPU
		{5C6AABD0-26E9-4C37-AA1B-7C5EBECB6AF1}.Debug|Any CPU.ActiveCfg = Debug|Any CPU
		{5C6AABD0-26E9-4C37-AA1B-7C5EBECB6AF1}.Debug|Any CPU.Build.0 = Debug|Any CPU
		{5C6AABD0-26E9-4C37-AA1B-7C5EBECB6AF1}.Debug|x64.ActiveCfg = Debug|Any CPU
		{5C6AABD0-26E9-4C37-AA1B-7C5EBECB6AF1}.Debug|x64.Build.0 = Debug|Any CPU
		{5C6AABD0-26E9-4C37-AA1B-7C5EBECB6AF1}.Debug|x86.ActiveCfg = Debug|Any CPU
		{5C6AABD0-26E9-4C37-AA1B-7C5EBECB6AF1}.Debug|x86.Build.0 = Debug|Any CPU
		{5C6AABD0-26E9-4C37-AA1B-7C5EBECB6AF1}.Release|Any CPU.ActiveCfg = Release|Any CPU
		{5C6AABD0-26E9-4C37-AA1B-7C5EBECB6AF1}.Release|Any CPU.Build.0 = Release|Any CPU
		{5C6AABD0-26E9-4C37-AA1B-7C5EBECB6AF1}.Release|x64.ActiveCfg = Release|Any CPU
		{5C6AABD0-26E9-4C37-AA1B-7C5EBECB6AF1}.Release|x64.Build.0 = Release|Any CPU
		{5C6AABD0-26E9-4C37-AA1B-7C5EBECB6AF1}.Release|x86.ActiveCfg = Release|Any CPU
		{5C6AABD0-26E9-4C37-AA1B-7C5EBECB6AF1}.Release|x86.Build.0 = Release|Any CPU
		{CECACE5D-AA07-4CC1-AAB3-420BE78C588C}.Debug|Any CPU.ActiveCfg = Debug|Any CPU
		{CECACE5D-AA07-4CC1-AAB3-420BE78C588C}.Debug|Any CPU.Build.0 = Debug|Any CPU
		{CECACE5D-AA07-4CC1-AAB3-420BE78C588C}.Debug|x64.ActiveCfg = Debug|Any CPU
		{CECACE5D-AA07-4CC1-AAB3-420BE78C588C}.Debug|x64.Build.0 = Debug|Any CPU
		{CECACE5D-AA07-4CC1-AAB3-420BE78C588C}.Debug|x86.ActiveCfg = Debug|Any CPU
		{CECACE5D-AA07-4CC1-AAB3-420BE78C588C}.Debug|x86.Build.0 = Debug|Any CPU
		{CECACE5D-AA07-4CC1-AAB3-420BE78C588C}.Release|Any CPU.ActiveCfg = Release|Any CPU
		{CECACE5D-AA07-4CC1-AAB3-420BE78C588C}.Release|Any CPU.Build.0 = Release|Any CPU
		{CECACE5D-AA07-4CC1-AAB3-420BE78C588C}.Release|x64.ActiveCfg = Release|Any CPU
		{CECACE5D-AA07-4CC1-AAB3-420BE78C588C}.Release|x64.Build.0 = Release|Any CPU
		{CECACE5D-AA07-4CC1-AAB3-420BE78C588C}.Release|x86.ActiveCfg = Release|Any CPU
		{CECACE5D-AA07-4CC1-AAB3-420BE78C588C}.Release|x86.Build.0 = Release|Any CPU
		{D33E5797-8D3F-45FF-8925-B04C541FE596}.Debug|Any CPU.ActiveCfg = Debug|Any CPU
		{D33E5797-8D3F-45FF-8925-B04C541FE596}.Debug|Any CPU.Build.0 = Debug|Any CPU
		{D33E5797-8D3F-45FF-8925-B04C541FE596}.Debug|x64.ActiveCfg = Debug|Any CPU
		{D33E5797-8D3F-45FF-8925-B04C541FE596}.Debug|x64.Build.0 = Debug|Any CPU
		{D33E5797-8D3F-45FF-8925-B04C541FE596}.Debug|x86.ActiveCfg = Debug|Any CPU
		{D33E5797-8D3F-45FF-8925-B04C541FE596}.Debug|x86.Build.0 = Debug|Any CPU
		{D33E5797-8D3F-45FF-8925-B04C541FE596}.Release|Any CPU.ActiveCfg = Release|Any CPU
		{D33E5797-8D3F-45FF-8925-B04C541FE596}.Release|Any CPU.Build.0 = Release|Any CPU
		{D33E5797-8D3F-45FF-8925-B04C541FE596}.Release|x64.ActiveCfg = Release|Any CPU
		{D33E5797-8D3F-45FF-8925-B04C541FE596}.Release|x64.Build.0 = Release|Any CPU
		{D33E5797-8D3F-45FF-8925-B04C541FE596}.Release|x86.ActiveCfg = Release|Any CPU
		{D33E5797-8D3F-45FF-8925-B04C541FE596}.Release|x86.Build.0 = Release|Any CPU
		{525521F4-32D6-4948-31A0-E00F3BD3DFB0}.Debug|Any CPU.ActiveCfg = Debug|Any CPU
		{525521F4-32D6-4948-31A0-E00F3BD3DFB0}.Debug|Any CPU.Build.0 = Debug|Any CPU
		{525521F4-32D6-4948-31A0-E00F3BD3DFB0}.Debug|x64.ActiveCfg = Debug|Any CPU
		{525521F4-32D6-4948-31A0-E00F3BD3DFB0}.Debug|x64.Build.0 = Debug|Any CPU
		{525521F4-32D6-4948-31A0-E00F3BD3DFB0}.Debug|x86.ActiveCfg = Debug|Any CPU
		{525521F4-32D6-4948-31A0-E00F3BD3DFB0}.Debug|x86.Build.0 = Debug|Any CPU
		{525521F4-32D6-4948-31A0-E00F3BD3DFB0}.Release|Any CPU.ActiveCfg = Release|Any CPU
		{525521F4-32D6-4948-31A0-E00F3BD3DFB0}.Release|Any CPU.Build.0 = Release|Any CPU
		{525521F4-32D6-4948-31A0-E00F3BD3DFB0}.Release|x64.ActiveCfg = Release|Any CPU
		{525521F4-32D6-4948-31A0-E00F3BD3DFB0}.Release|x64.Build.0 = Release|Any CPU
		{525521F4-32D6-4948-31A0-E00F3BD3DFB0}.Release|x86.ActiveCfg = Release|Any CPU
		{525521F4-32D6-4948-31A0-E00F3BD3DFB0}.Release|x86.Build.0 = Release|Any CPU
		{2AA139D8-512D-F5D6-C729-BC55EAAB4EA1}.Debug|Any CPU.ActiveCfg = Debug|Any CPU
		{2AA139D8-512D-F5D6-C729-BC55EAAB4EA1}.Debug|Any CPU.Build.0 = Debug|Any CPU
		{2AA139D8-512D-F5D6-C729-BC55EAAB4EA1}.Debug|x64.ActiveCfg = Debug|Any CPU
		{2AA139D8-512D-F5D6-C729-BC55EAAB4EA1}.Debug|x64.Build.0 = Debug|Any CPU
		{2AA139D8-512D-F5D6-C729-BC55EAAB4EA1}.Debug|x86.ActiveCfg = Debug|Any CPU
		{2AA139D8-512D-F5D6-C729-BC55EAAB4EA1}.Debug|x86.Build.0 = Debug|Any CPU
		{2AA139D8-512D-F5D6-C729-BC55EAAB4EA1}.Release|Any CPU.ActiveCfg = Release|Any CPU
		{2AA139D8-512D-F5D6-C729-BC55EAAB4EA1}.Release|Any CPU.Build.0 = Release|Any CPU
		{2AA139D8-512D-F5D6-C729-BC55EAAB4EA1}.Release|x64.ActiveCfg = Release|Any CPU
		{2AA139D8-512D-F5D6-C729-BC55EAAB4EA1}.Release|x64.Build.0 = Release|Any CPU
		{2AA139D8-512D-F5D6-C729-BC55EAAB4EA1}.Release|x86.ActiveCfg = Release|Any CPU
		{2AA139D8-512D-F5D6-C729-BC55EAAB4EA1}.Release|x86.Build.0 = Release|Any CPU
		{5D97F848-797F-C8C5-1082-826CB0C860D0}.Debug|Any CPU.ActiveCfg = Debug|Any CPU
		{5D97F848-797F-C8C5-1082-826CB0C860D0}.Debug|Any CPU.Build.0 = Debug|Any CPU
		{5D97F848-797F-C8C5-1082-826CB0C860D0}.Debug|x64.ActiveCfg = Debug|Any CPU
		{5D97F848-797F-C8C5-1082-826CB0C860D0}.Debug|x64.Build.0 = Debug|Any CPU
		{5D97F848-797F-C8C5-1082-826CB0C860D0}.Debug|x86.ActiveCfg = Debug|Any CPU
		{5D97F848-797F-C8C5-1082-826CB0C860D0}.Debug|x86.Build.0 = Debug|Any CPU
		{5D97F848-797F-C8C5-1082-826CB0C860D0}.Release|Any CPU.ActiveCfg = Release|Any CPU
		{5D97F848-797F-C8C5-1082-826CB0C860D0}.Release|Any CPU.Build.0 = Release|Any CPU
		{5D97F848-797F-C8C5-1082-826CB0C860D0}.Release|x64.ActiveCfg = Release|Any CPU
		{5D97F848-797F-C8C5-1082-826CB0C860D0}.Release|x64.Build.0 = Release|Any CPU
		{5D97F848-797F-C8C5-1082-826CB0C860D0}.Release|x86.ActiveCfg = Release|Any CPU
		{5D97F848-797F-C8C5-1082-826CB0C860D0}.Release|x86.Build.0 = Release|Any CPU
		{3306EFAF-4894-B410-A69D-9219009CDCDC}.Debug|Any CPU.ActiveCfg = Debug|Any CPU
		{3306EFAF-4894-B410-A69D-9219009CDCDC}.Debug|Any CPU.Build.0 = Debug|Any CPU
		{3306EFAF-4894-B410-A69D-9219009CDCDC}.Debug|x64.ActiveCfg = Debug|Any CPU
		{3306EFAF-4894-B410-A69D-9219009CDCDC}.Debug|x64.Build.0 = Debug|Any CPU
		{3306EFAF-4894-B410-A69D-9219009CDCDC}.Debug|x86.ActiveCfg = Debug|Any CPU
		{3306EFAF-4894-B410-A69D-9219009CDCDC}.Debug|x86.Build.0 = Debug|Any CPU
		{3306EFAF-4894-B410-A69D-9219009CDCDC}.Release|Any CPU.ActiveCfg = Release|Any CPU
		{3306EFAF-4894-B410-A69D-9219009CDCDC}.Release|Any CPU.Build.0 = Release|Any CPU
		{3306EFAF-4894-B410-A69D-9219009CDCDC}.Release|x64.ActiveCfg = Release|Any CPU
		{3306EFAF-4894-B410-A69D-9219009CDCDC}.Release|x64.Build.0 = Release|Any CPU
		{3306EFAF-4894-B410-A69D-9219009CDCDC}.Release|x86.ActiveCfg = Release|Any CPU
		{3306EFAF-4894-B410-A69D-9219009CDCDC}.Release|x86.Build.0 = Release|Any CPU
		{6BF5C5D6-5983-4C5F-AB7A-EEB16F58C840}.Debug|Any CPU.ActiveCfg = Debug|Any CPU
		{6BF5C5D6-5983-4C5F-AB7A-EEB16F58C840}.Debug|Any CPU.Build.0 = Debug|Any CPU
		{6BF5C5D6-5983-4C5F-AB7A-EEB16F58C840}.Debug|x64.ActiveCfg = Debug|Any CPU
		{6BF5C5D6-5983-4C5F-AB7A-EEB16F58C840}.Debug|x64.Build.0 = Debug|Any CPU
		{6BF5C5D6-5983-4C5F-AB7A-EEB16F58C840}.Debug|x86.ActiveCfg = Debug|Any CPU
		{6BF5C5D6-5983-4C5F-AB7A-EEB16F58C840}.Debug|x86.Build.0 = Debug|Any CPU
		{6BF5C5D6-5983-4C5F-AB7A-EEB16F58C840}.Release|Any CPU.ActiveCfg = Release|Any CPU
		{6BF5C5D6-5983-4C5F-AB7A-EEB16F58C840}.Release|Any CPU.Build.0 = Release|Any CPU
		{6BF5C5D6-5983-4C5F-AB7A-EEB16F58C840}.Release|x64.ActiveCfg = Release|Any CPU
		{6BF5C5D6-5983-4C5F-AB7A-EEB16F58C840}.Release|x64.Build.0 = Release|Any CPU
		{6BF5C5D6-5983-4C5F-AB7A-EEB16F58C840}.Release|x86.ActiveCfg = Release|Any CPU
		{6BF5C5D6-5983-4C5F-AB7A-EEB16F58C840}.Release|x86.Build.0 = Release|Any CPU
		{09B1A940-D74A-4575-8153-B21A87613048}.Debug|Any CPU.ActiveCfg = Debug|Any CPU
		{09B1A940-D74A-4575-8153-B21A87613048}.Debug|Any CPU.Build.0 = Debug|Any CPU
		{09B1A940-D74A-4575-8153-B21A87613048}.Debug|x64.ActiveCfg = Debug|Any CPU
		{09B1A940-D74A-4575-8153-B21A87613048}.Debug|x64.Build.0 = Debug|Any CPU
		{09B1A940-D74A-4575-8153-B21A87613048}.Debug|x86.ActiveCfg = Debug|Any CPU
		{09B1A940-D74A-4575-8153-B21A87613048}.Debug|x86.Build.0 = Debug|Any CPU
		{09B1A940-D74A-4575-8153-B21A87613048}.Release|Any CPU.ActiveCfg = Release|Any CPU
		{09B1A940-D74A-4575-8153-B21A87613048}.Release|Any CPU.Build.0 = Release|Any CPU
		{09B1A940-D74A-4575-8153-B21A87613048}.Release|x64.ActiveCfg = Release|Any CPU
		{09B1A940-D74A-4575-8153-B21A87613048}.Release|x64.Build.0 = Release|Any CPU
		{09B1A940-D74A-4575-8153-B21A87613048}.Release|x86.ActiveCfg = Release|Any CPU
		{09B1A940-D74A-4575-8153-B21A87613048}.Release|x86.Build.0 = Release|Any CPU
		{4B51F831-B61F-4912-A890-6EDEAE28078A}.Debug|Any CPU.ActiveCfg = Debug|Any CPU
		{4B51F831-B61F-4912-A890-6EDEAE28078A}.Debug|Any CPU.Build.0 = Debug|Any CPU
		{4B51F831-B61F-4912-A890-6EDEAE28078A}.Debug|x64.ActiveCfg = Debug|Any CPU
		{4B51F831-B61F-4912-A890-6EDEAE28078A}.Debug|x64.Build.0 = Debug|Any CPU
		{4B51F831-B61F-4912-A890-6EDEAE28078A}.Debug|x86.ActiveCfg = Debug|Any CPU
		{4B51F831-B61F-4912-A890-6EDEAE28078A}.Debug|x86.Build.0 = Debug|Any CPU
		{4B51F831-B61F-4912-A890-6EDEAE28078A}.Release|Any CPU.ActiveCfg = Release|Any CPU
		{4B51F831-B61F-4912-A890-6EDEAE28078A}.Release|Any CPU.Build.0 = Release|Any CPU
		{4B51F831-B61F-4912-A890-6EDEAE28078A}.Release|x64.ActiveCfg = Release|Any CPU
		{4B51F831-B61F-4912-A890-6EDEAE28078A}.Release|x64.Build.0 = Release|Any CPU
		{4B51F831-B61F-4912-A890-6EDEAE28078A}.Release|x86.ActiveCfg = Release|Any CPU
		{4B51F831-B61F-4912-A890-6EDEAE28078A}.Release|x86.Build.0 = Release|Any CPU
		{C1F451B7-403D-4B1E-B0F3-AACA462A4221}.Debug|Any CPU.ActiveCfg = Debug|Any CPU
		{C1F451B7-403D-4B1E-B0F3-AACA462A4221}.Debug|Any CPU.Build.0 = Debug|Any CPU
		{C1F451B7-403D-4B1E-B0F3-AACA462A4221}.Debug|x64.ActiveCfg = Debug|Any CPU
		{C1F451B7-403D-4B1E-B0F3-AACA462A4221}.Debug|x64.Build.0 = Debug|Any CPU
		{C1F451B7-403D-4B1E-B0F3-AACA462A4221}.Debug|x86.ActiveCfg = Debug|Any CPU
		{C1F451B7-403D-4B1E-B0F3-AACA462A4221}.Debug|x86.Build.0 = Debug|Any CPU
		{C1F451B7-403D-4B1E-B0F3-AACA462A4221}.Release|Any CPU.ActiveCfg = Release|Any CPU
		{C1F451B7-403D-4B1E-B0F3-AACA462A4221}.Release|Any CPU.Build.0 = Release|Any CPU
		{C1F451B7-403D-4B1E-B0F3-AACA462A4221}.Release|x64.ActiveCfg = Release|Any CPU
		{C1F451B7-403D-4B1E-B0F3-AACA462A4221}.Release|x64.Build.0 = Release|Any CPU
		{C1F451B7-403D-4B1E-B0F3-AACA462A4221}.Release|x86.ActiveCfg = Release|Any CPU
		{C1F451B7-403D-4B1E-B0F3-AACA462A4221}.Release|x86.Build.0 = Release|Any CPU
		{4E6F8074-03EA-4B38-EEAB-F6322399E7B5}.Debug|Any CPU.ActiveCfg = Debug|Any CPU
		{4E6F8074-03EA-4B38-EEAB-F6322399E7B5}.Debug|Any CPU.Build.0 = Debug|Any CPU
		{4E6F8074-03EA-4B38-EEAB-F6322399E7B5}.Debug|x64.ActiveCfg = Debug|Any CPU
		{4E6F8074-03EA-4B38-EEAB-F6322399E7B5}.Debug|x64.Build.0 = Debug|Any CPU
		{4E6F8074-03EA-4B38-EEAB-F6322399E7B5}.Debug|x86.ActiveCfg = Debug|Any CPU
		{4E6F8074-03EA-4B38-EEAB-F6322399E7B5}.Debug|x86.Build.0 = Debug|Any CPU
		{4E6F8074-03EA-4B38-EEAB-F6322399E7B5}.Release|Any CPU.ActiveCfg = Release|Any CPU
		{4E6F8074-03EA-4B38-EEAB-F6322399E7B5}.Release|Any CPU.Build.0 = Release|Any CPU
		{4E6F8074-03EA-4B38-EEAB-F6322399E7B5}.Release|x64.ActiveCfg = Release|Any CPU
		{4E6F8074-03EA-4B38-EEAB-F6322399E7B5}.Release|x64.Build.0 = Release|Any CPU
		{4E6F8074-03EA-4B38-EEAB-F6322399E7B5}.Release|x86.ActiveCfg = Release|Any CPU
		{4E6F8074-03EA-4B38-EEAB-F6322399E7B5}.Release|x86.Build.0 = Release|Any CPU
		{0428DBBE-AF00-C5CE-CF38-0169EE91C8CF}.Debug|Any CPU.ActiveCfg = Debug|Any CPU
		{0428DBBE-AF00-C5CE-CF38-0169EE91C8CF}.Debug|Any CPU.Build.0 = Debug|Any CPU
		{0428DBBE-AF00-C5CE-CF38-0169EE91C8CF}.Debug|x64.ActiveCfg = Debug|Any CPU
		{0428DBBE-AF00-C5CE-CF38-0169EE91C8CF}.Debug|x64.Build.0 = Debug|Any CPU
		{0428DBBE-AF00-C5CE-CF38-0169EE91C8CF}.Debug|x86.ActiveCfg = Debug|Any CPU
		{0428DBBE-AF00-C5CE-CF38-0169EE91C8CF}.Debug|x86.Build.0 = Debug|Any CPU
		{0428DBBE-AF00-C5CE-CF38-0169EE91C8CF}.Release|Any CPU.ActiveCfg = Release|Any CPU
		{0428DBBE-AF00-C5CE-CF38-0169EE91C8CF}.Release|Any CPU.Build.0 = Release|Any CPU
		{0428DBBE-AF00-C5CE-CF38-0169EE91C8CF}.Release|x64.ActiveCfg = Release|Any CPU
		{0428DBBE-AF00-C5CE-CF38-0169EE91C8CF}.Release|x64.Build.0 = Release|Any CPU
		{0428DBBE-AF00-C5CE-CF38-0169EE91C8CF}.Release|x86.ActiveCfg = Release|Any CPU
		{0428DBBE-AF00-C5CE-CF38-0169EE91C8CF}.Release|x86.Build.0 = Release|Any CPU
		{8916F5F1-E53C-B523-83CF-7F7BE0C557D2}.Debug|Any CPU.ActiveCfg = Debug|Any CPU
		{8916F5F1-E53C-B523-83CF-7F7BE0C557D2}.Debug|Any CPU.Build.0 = Debug|Any CPU
		{8916F5F1-E53C-B523-83CF-7F7BE0C557D2}.Debug|x64.ActiveCfg = Debug|Any CPU
		{8916F5F1-E53C-B523-83CF-7F7BE0C557D2}.Debug|x64.Build.0 = Debug|Any CPU
		{8916F5F1-E53C-B523-83CF-7F7BE0C557D2}.Debug|x86.ActiveCfg = Debug|Any CPU
		{8916F5F1-E53C-B523-83CF-7F7BE0C557D2}.Debug|x86.Build.0 = Debug|Any CPU
		{8916F5F1-E53C-B523-83CF-7F7BE0C557D2}.Release|Any CPU.ActiveCfg = Release|Any CPU
		{8916F5F1-E53C-B523-83CF-7F7BE0C557D2}.Release|Any CPU.Build.0 = Release|Any CPU
		{8916F5F1-E53C-B523-83CF-7F7BE0C557D2}.Release|x64.ActiveCfg = Release|Any CPU
		{8916F5F1-E53C-B523-83CF-7F7BE0C557D2}.Release|x64.Build.0 = Release|Any CPU
		{8916F5F1-E53C-B523-83CF-7F7BE0C557D2}.Release|x86.ActiveCfg = Release|Any CPU
		{8916F5F1-E53C-B523-83CF-7F7BE0C557D2}.Release|x86.Build.0 = Release|Any CPU
		{E3634C04-C7AF-6558-D395-7528A3731B3B}.Debug|Any CPU.ActiveCfg = Debug|Any CPU
		{E3634C04-C7AF-6558-D395-7528A3731B3B}.Debug|Any CPU.Build.0 = Debug|Any CPU
		{E3634C04-C7AF-6558-D395-7528A3731B3B}.Debug|x64.ActiveCfg = Debug|Any CPU
		{E3634C04-C7AF-6558-D395-7528A3731B3B}.Debug|x64.Build.0 = Debug|Any CPU
		{E3634C04-C7AF-6558-D395-7528A3731B3B}.Debug|x86.ActiveCfg = Debug|Any CPU
		{E3634C04-C7AF-6558-D395-7528A3731B3B}.Debug|x86.Build.0 = Debug|Any CPU
		{E3634C04-C7AF-6558-D395-7528A3731B3B}.Release|Any CPU.ActiveCfg = Release|Any CPU
		{E3634C04-C7AF-6558-D395-7528A3731B3B}.Release|Any CPU.Build.0 = Release|Any CPU
		{E3634C04-C7AF-6558-D395-7528A3731B3B}.Release|x64.ActiveCfg = Release|Any CPU
		{E3634C04-C7AF-6558-D395-7528A3731B3B}.Release|x64.Build.0 = Release|Any CPU
		{E3634C04-C7AF-6558-D395-7528A3731B3B}.Release|x86.ActiveCfg = Release|Any CPU
		{E3634C04-C7AF-6558-D395-7528A3731B3B}.Release|x86.Build.0 = Release|Any CPU
		{E3308272-A458-494E-98A2-1B7C04AB8AC3}.Debug|Any CPU.ActiveCfg = Debug|Any CPU
		{E3308272-A458-494E-98A2-1B7C04AB8AC3}.Debug|Any CPU.Build.0 = Debug|Any CPU
		{E3308272-A458-494E-98A2-1B7C04AB8AC3}.Debug|x64.ActiveCfg = Debug|Any CPU
		{E3308272-A458-494E-98A2-1B7C04AB8AC3}.Debug|x64.Build.0 = Debug|Any CPU
		{E3308272-A458-494E-98A2-1B7C04AB8AC3}.Debug|x86.ActiveCfg = Debug|Any CPU
		{E3308272-A458-494E-98A2-1B7C04AB8AC3}.Debug|x86.Build.0 = Debug|Any CPU
		{E3308272-A458-494E-98A2-1B7C04AB8AC3}.Release|Any CPU.ActiveCfg = Release|Any CPU
		{E3308272-A458-494E-98A2-1B7C04AB8AC3}.Release|Any CPU.Build.0 = Release|Any CPU
		{E3308272-A458-494E-98A2-1B7C04AB8AC3}.Release|x64.ActiveCfg = Release|Any CPU
		{E3308272-A458-494E-98A2-1B7C04AB8AC3}.Release|x64.Build.0 = Release|Any CPU
		{E3308272-A458-494E-98A2-1B7C04AB8AC3}.Release|x86.ActiveCfg = Release|Any CPU
		{E3308272-A458-494E-98A2-1B7C04AB8AC3}.Release|x86.Build.0 = Release|Any CPU
		{7F27D1CD-BC5D-4456-8E6B-4E63D2A03586}.Debug|Any CPU.ActiveCfg = Debug|Any CPU
		{7F27D1CD-BC5D-4456-8E6B-4E63D2A03586}.Debug|Any CPU.Build.0 = Debug|Any CPU
		{7F27D1CD-BC5D-4456-8E6B-4E63D2A03586}.Debug|x64.ActiveCfg = Debug|Any CPU
		{7F27D1CD-BC5D-4456-8E6B-4E63D2A03586}.Debug|x64.Build.0 = Debug|Any CPU
		{7F27D1CD-BC5D-4456-8E6B-4E63D2A03586}.Debug|x86.ActiveCfg = Debug|Any CPU
		{7F27D1CD-BC5D-4456-8E6B-4E63D2A03586}.Debug|x86.Build.0 = Debug|Any CPU
		{7F27D1CD-BC5D-4456-8E6B-4E63D2A03586}.Release|Any CPU.ActiveCfg = Release|Any CPU
		{7F27D1CD-BC5D-4456-8E6B-4E63D2A03586}.Release|Any CPU.Build.0 = Release|Any CPU
		{7F27D1CD-BC5D-4456-8E6B-4E63D2A03586}.Release|x64.ActiveCfg = Release|Any CPU
		{7F27D1CD-BC5D-4456-8E6B-4E63D2A03586}.Release|x64.Build.0 = Release|Any CPU
		{7F27D1CD-BC5D-4456-8E6B-4E63D2A03586}.Release|x86.ActiveCfg = Release|Any CPU
		{7F27D1CD-BC5D-4456-8E6B-4E63D2A03586}.Release|x86.Build.0 = Release|Any CPU
		{2C918C29-F989-40F1-B1E4-80FEC0F569EB}.Debug|Any CPU.ActiveCfg = Debug|Any CPU
		{2C918C29-F989-40F1-B1E4-80FEC0F569EB}.Debug|Any CPU.Build.0 = Debug|Any CPU
		{2C918C29-F989-40F1-B1E4-80FEC0F569EB}.Debug|x64.ActiveCfg = Debug|Any CPU
		{2C918C29-F989-40F1-B1E4-80FEC0F569EB}.Debug|x64.Build.0 = Debug|Any CPU
		{2C918C29-F989-40F1-B1E4-80FEC0F569EB}.Debug|x86.ActiveCfg = Debug|Any CPU
		{2C918C29-F989-40F1-B1E4-80FEC0F569EB}.Debug|x86.Build.0 = Debug|Any CPU
		{2C918C29-F989-40F1-B1E4-80FEC0F569EB}.Release|Any CPU.ActiveCfg = Release|Any CPU
		{2C918C29-F989-40F1-B1E4-80FEC0F569EB}.Release|Any CPU.Build.0 = Release|Any CPU
		{2C918C29-F989-40F1-B1E4-80FEC0F569EB}.Release|x64.ActiveCfg = Release|Any CPU
		{2C918C29-F989-40F1-B1E4-80FEC0F569EB}.Release|x64.Build.0 = Release|Any CPU
		{2C918C29-F989-40F1-B1E4-80FEC0F569EB}.Release|x86.ActiveCfg = Release|Any CPU
		{2C918C29-F989-40F1-B1E4-80FEC0F569EB}.Release|x86.Build.0 = Release|Any CPU
		{1FECD1FB-4BAA-42AF-8E4A-798C5FF7978A}.Debug|Any CPU.ActiveCfg = Debug|Any CPU
		{1FECD1FB-4BAA-42AF-8E4A-798C5FF7978A}.Debug|Any CPU.Build.0 = Debug|Any CPU
		{1FECD1FB-4BAA-42AF-8E4A-798C5FF7978A}.Debug|x64.ActiveCfg = Debug|Any CPU
		{1FECD1FB-4BAA-42AF-8E4A-798C5FF7978A}.Debug|x64.Build.0 = Debug|Any CPU
		{1FECD1FB-4BAA-42AF-8E4A-798C5FF7978A}.Debug|x86.ActiveCfg = Debug|Any CPU
		{1FECD1FB-4BAA-42AF-8E4A-798C5FF7978A}.Debug|x86.Build.0 = Debug|Any CPU
		{1FECD1FB-4BAA-42AF-8E4A-798C5FF7978A}.Release|Any CPU.ActiveCfg = Release|Any CPU
		{1FECD1FB-4BAA-42AF-8E4A-798C5FF7978A}.Release|Any CPU.Build.0 = Release|Any CPU
		{1FECD1FB-4BAA-42AF-8E4A-798C5FF7978A}.Release|x64.ActiveCfg = Release|Any CPU
		{1FECD1FB-4BAA-42AF-8E4A-798C5FF7978A}.Release|x64.Build.0 = Release|Any CPU
		{1FECD1FB-4BAA-42AF-8E4A-798C5FF7978A}.Release|x86.ActiveCfg = Release|Any CPU
		{1FECD1FB-4BAA-42AF-8E4A-798C5FF7978A}.Release|x86.Build.0 = Release|Any CPU
		{B3D66B39-73E9-4431-BD9E-D2717762F46F}.Debug|Any CPU.ActiveCfg = Debug|Any CPU
		{B3D66B39-73E9-4431-BD9E-D2717762F46F}.Debug|Any CPU.Build.0 = Debug|Any CPU
		{B3D66B39-73E9-4431-BD9E-D2717762F46F}.Debug|x64.ActiveCfg = Debug|Any CPU
		{B3D66B39-73E9-4431-BD9E-D2717762F46F}.Debug|x64.Build.0 = Debug|Any CPU
		{B3D66B39-73E9-4431-BD9E-D2717762F46F}.Debug|x86.ActiveCfg = Debug|Any CPU
		{B3D66B39-73E9-4431-BD9E-D2717762F46F}.Debug|x86.Build.0 = Debug|Any CPU
		{B3D66B39-73E9-4431-BD9E-D2717762F46F}.Release|Any CPU.ActiveCfg = Release|Any CPU
		{B3D66B39-73E9-4431-BD9E-D2717762F46F}.Release|Any CPU.Build.0 = Release|Any CPU
		{B3D66B39-73E9-4431-BD9E-D2717762F46F}.Release|x64.ActiveCfg = Release|Any CPU
		{B3D66B39-73E9-4431-BD9E-D2717762F46F}.Release|x64.Build.0 = Release|Any CPU
		{B3D66B39-73E9-4431-BD9E-D2717762F46F}.Release|x86.ActiveCfg = Release|Any CPU
		{B3D66B39-73E9-4431-BD9E-D2717762F46F}.Release|x86.Build.0 = Release|Any CPU
		{11C86CEB-1F51-4632-A35F-58E9ACBD329A}.Debug|Any CPU.ActiveCfg = Debug|Any CPU
		{11C86CEB-1F51-4632-A35F-58E9ACBD329A}.Debug|Any CPU.Build.0 = Debug|Any CPU
		{11C86CEB-1F51-4632-A35F-58E9ACBD329A}.Debug|x64.ActiveCfg = Debug|Any CPU
		{11C86CEB-1F51-4632-A35F-58E9ACBD329A}.Debug|x64.Build.0 = Debug|Any CPU
		{11C86CEB-1F51-4632-A35F-58E9ACBD329A}.Debug|x86.ActiveCfg = Debug|Any CPU
		{11C86CEB-1F51-4632-A35F-58E9ACBD329A}.Debug|x86.Build.0 = Debug|Any CPU
		{11C86CEB-1F51-4632-A35F-58E9ACBD329A}.Release|Any CPU.ActiveCfg = Release|Any CPU
		{11C86CEB-1F51-4632-A35F-58E9ACBD329A}.Release|Any CPU.Build.0 = Release|Any CPU
		{11C86CEB-1F51-4632-A35F-58E9ACBD329A}.Release|x64.ActiveCfg = Release|Any CPU
		{11C86CEB-1F51-4632-A35F-58E9ACBD329A}.Release|x64.Build.0 = Release|Any CPU
		{11C86CEB-1F51-4632-A35F-58E9ACBD329A}.Release|x86.ActiveCfg = Release|Any CPU
		{11C86CEB-1F51-4632-A35F-58E9ACBD329A}.Release|x86.Build.0 = Release|Any CPU
		{C0EFCC4E-1428-483E-B942-2017CD2AE90E}.Debug|Any CPU.ActiveCfg = Debug|Any CPU
		{C0EFCC4E-1428-483E-B942-2017CD2AE90E}.Debug|Any CPU.Build.0 = Debug|Any CPU
		{C0EFCC4E-1428-483E-B942-2017CD2AE90E}.Debug|x64.ActiveCfg = Debug|Any CPU
		{C0EFCC4E-1428-483E-B942-2017CD2AE90E}.Debug|x64.Build.0 = Debug|Any CPU
		{C0EFCC4E-1428-483E-B942-2017CD2AE90E}.Debug|x86.ActiveCfg = Debug|Any CPU
		{C0EFCC4E-1428-483E-B942-2017CD2AE90E}.Debug|x86.Build.0 = Debug|Any CPU
		{C0EFCC4E-1428-483E-B942-2017CD2AE90E}.Release|Any CPU.ActiveCfg = Release|Any CPU
		{C0EFCC4E-1428-483E-B942-2017CD2AE90E}.Release|Any CPU.Build.0 = Release|Any CPU
		{C0EFCC4E-1428-483E-B942-2017CD2AE90E}.Release|x64.ActiveCfg = Release|Any CPU
		{C0EFCC4E-1428-483E-B942-2017CD2AE90E}.Release|x64.Build.0 = Release|Any CPU
		{C0EFCC4E-1428-483E-B942-2017CD2AE90E}.Release|x86.ActiveCfg = Release|Any CPU
		{C0EFCC4E-1428-483E-B942-2017CD2AE90E}.Release|x86.Build.0 = Release|Any CPU
		{7CEFDF29-C83A-4324-83EF-C7264729E183}.Debug|Any CPU.ActiveCfg = Debug|Any CPU
		{7CEFDF29-C83A-4324-83EF-C7264729E183}.Debug|Any CPU.Build.0 = Debug|Any CPU
		{7CEFDF29-C83A-4324-83EF-C7264729E183}.Debug|x64.ActiveCfg = Debug|Any CPU
		{7CEFDF29-C83A-4324-83EF-C7264729E183}.Debug|x64.Build.0 = Debug|Any CPU
		{7CEFDF29-C83A-4324-83EF-C7264729E183}.Debug|x86.ActiveCfg = Debug|Any CPU
		{7CEFDF29-C83A-4324-83EF-C7264729E183}.Debug|x86.Build.0 = Debug|Any CPU
		{7CEFDF29-C83A-4324-83EF-C7264729E183}.Release|Any CPU.ActiveCfg = Release|Any CPU
		{7CEFDF29-C83A-4324-83EF-C7264729E183}.Release|Any CPU.Build.0 = Release|Any CPU
		{7CEFDF29-C83A-4324-83EF-C7264729E183}.Release|x64.ActiveCfg = Release|Any CPU
		{7CEFDF29-C83A-4324-83EF-C7264729E183}.Release|x64.Build.0 = Release|Any CPU
		{7CEFDF29-C83A-4324-83EF-C7264729E183}.Release|x86.ActiveCfg = Release|Any CPU
		{7CEFDF29-C83A-4324-83EF-C7264729E183}.Release|x86.Build.0 = Release|Any CPU
		{026D413B-6BA1-4CF9-952C-F7593BA13ABF}.Debug|Any CPU.ActiveCfg = Debug|Any CPU
		{026D413B-6BA1-4CF9-952C-F7593BA13ABF}.Debug|Any CPU.Build.0 = Debug|Any CPU
		{026D413B-6BA1-4CF9-952C-F7593BA13ABF}.Debug|x64.ActiveCfg = Debug|Any CPU
		{026D413B-6BA1-4CF9-952C-F7593BA13ABF}.Debug|x64.Build.0 = Debug|Any CPU
		{026D413B-6BA1-4CF9-952C-F7593BA13ABF}.Debug|x86.ActiveCfg = Debug|Any CPU
		{026D413B-6BA1-4CF9-952C-F7593BA13ABF}.Debug|x86.Build.0 = Debug|Any CPU
		{026D413B-6BA1-4CF9-952C-F7593BA13ABF}.Release|Any CPU.ActiveCfg = Release|Any CPU
		{026D413B-6BA1-4CF9-952C-F7593BA13ABF}.Release|Any CPU.Build.0 = Release|Any CPU
		{026D413B-6BA1-4CF9-952C-F7593BA13ABF}.Release|x64.ActiveCfg = Release|Any CPU
		{026D413B-6BA1-4CF9-952C-F7593BA13ABF}.Release|x64.Build.0 = Release|Any CPU
		{026D413B-6BA1-4CF9-952C-F7593BA13ABF}.Release|x86.ActiveCfg = Release|Any CPU
		{026D413B-6BA1-4CF9-952C-F7593BA13ABF}.Release|x86.Build.0 = Release|Any CPU
		{9B08710F-2FAC-4957-A588-E14B3F9F2EC0}.Debug|Any CPU.ActiveCfg = Debug|Any CPU
		{9B08710F-2FAC-4957-A588-E14B3F9F2EC0}.Debug|Any CPU.Build.0 = Debug|Any CPU
		{9B08710F-2FAC-4957-A588-E14B3F9F2EC0}.Debug|x64.ActiveCfg = Debug|Any CPU
		{9B08710F-2FAC-4957-A588-E14B3F9F2EC0}.Debug|x64.Build.0 = Debug|Any CPU
		{9B08710F-2FAC-4957-A588-E14B3F9F2EC0}.Debug|x86.ActiveCfg = Debug|Any CPU
		{9B08710F-2FAC-4957-A588-E14B3F9F2EC0}.Debug|x86.Build.0 = Debug|Any CPU
		{9B08710F-2FAC-4957-A588-E14B3F9F2EC0}.Release|Any CPU.ActiveCfg = Release|Any CPU
		{9B08710F-2FAC-4957-A588-E14B3F9F2EC0}.Release|Any CPU.Build.0 = Release|Any CPU
		{9B08710F-2FAC-4957-A588-E14B3F9F2EC0}.Release|x64.ActiveCfg = Release|Any CPU
		{9B08710F-2FAC-4957-A588-E14B3F9F2EC0}.Release|x64.Build.0 = Release|Any CPU
		{9B08710F-2FAC-4957-A588-E14B3F9F2EC0}.Release|x86.ActiveCfg = Release|Any CPU
		{9B08710F-2FAC-4957-A588-E14B3F9F2EC0}.Release|x86.Build.0 = Release|Any CPU
		{FB4B2025-2791-4D93-BBA1-A67BBD75F769}.Debug|Any CPU.ActiveCfg = Debug|Any CPU
		{FB4B2025-2791-4D93-BBA1-A67BBD75F769}.Debug|Any CPU.Build.0 = Debug|Any CPU
		{FB4B2025-2791-4D93-BBA1-A67BBD75F769}.Debug|x64.ActiveCfg = Debug|Any CPU
		{FB4B2025-2791-4D93-BBA1-A67BBD75F769}.Debug|x64.Build.0 = Debug|Any CPU
		{FB4B2025-2791-4D93-BBA1-A67BBD75F769}.Debug|x86.ActiveCfg = Debug|Any CPU
		{FB4B2025-2791-4D93-BBA1-A67BBD75F769}.Debug|x86.Build.0 = Debug|Any CPU
		{FB4B2025-2791-4D93-BBA1-A67BBD75F769}.Release|Any CPU.ActiveCfg = Release|Any CPU
		{FB4B2025-2791-4D93-BBA1-A67BBD75F769}.Release|Any CPU.Build.0 = Release|Any CPU
		{FB4B2025-2791-4D93-BBA1-A67BBD75F769}.Release|x64.ActiveCfg = Release|Any CPU
		{FB4B2025-2791-4D93-BBA1-A67BBD75F769}.Release|x64.Build.0 = Release|Any CPU
		{FB4B2025-2791-4D93-BBA1-A67BBD75F769}.Release|x86.ActiveCfg = Release|Any CPU
		{FB4B2025-2791-4D93-BBA1-A67BBD75F769}.Release|x86.Build.0 = Release|Any CPU
		{9483E7BF-E09F-4E89-8EC7-41BF00B2B14B}.Debug|Any CPU.ActiveCfg = Debug|Any CPU
		{9483E7BF-E09F-4E89-8EC7-41BF00B2B14B}.Debug|Any CPU.Build.0 = Debug|Any CPU
		{9483E7BF-E09F-4E89-8EC7-41BF00B2B14B}.Debug|x64.ActiveCfg = Debug|Any CPU
		{9483E7BF-E09F-4E89-8EC7-41BF00B2B14B}.Debug|x64.Build.0 = Debug|Any CPU
		{9483E7BF-E09F-4E89-8EC7-41BF00B2B14B}.Debug|x86.ActiveCfg = Debug|Any CPU
		{9483E7BF-E09F-4E89-8EC7-41BF00B2B14B}.Debug|x86.Build.0 = Debug|Any CPU
		{9483E7BF-E09F-4E89-8EC7-41BF00B2B14B}.Release|Any CPU.ActiveCfg = Release|Any CPU
		{9483E7BF-E09F-4E89-8EC7-41BF00B2B14B}.Release|Any CPU.Build.0 = Release|Any CPU
		{9483E7BF-E09F-4E89-8EC7-41BF00B2B14B}.Release|x64.ActiveCfg = Release|Any CPU
		{9483E7BF-E09F-4E89-8EC7-41BF00B2B14B}.Release|x64.Build.0 = Release|Any CPU
		{9483E7BF-E09F-4E89-8EC7-41BF00B2B14B}.Release|x86.ActiveCfg = Release|Any CPU
		{9483E7BF-E09F-4E89-8EC7-41BF00B2B14B}.Release|x86.Build.0 = Release|Any CPU
		{8E851B4C-FB56-431D-A9B6-7762AEDBB715}.Debug|Any CPU.ActiveCfg = Debug|Any CPU
		{8E851B4C-FB56-431D-A9B6-7762AEDBB715}.Debug|Any CPU.Build.0 = Debug|Any CPU
		{8E851B4C-FB56-431D-A9B6-7762AEDBB715}.Debug|x64.ActiveCfg = Debug|Any CPU
		{8E851B4C-FB56-431D-A9B6-7762AEDBB715}.Debug|x64.Build.0 = Debug|Any CPU
		{8E851B4C-FB56-431D-A9B6-7762AEDBB715}.Debug|x86.ActiveCfg = Debug|Any CPU
		{8E851B4C-FB56-431D-A9B6-7762AEDBB715}.Debug|x86.Build.0 = Debug|Any CPU
		{8E851B4C-FB56-431D-A9B6-7762AEDBB715}.Release|Any CPU.ActiveCfg = Release|Any CPU
		{8E851B4C-FB56-431D-A9B6-7762AEDBB715}.Release|Any CPU.Build.0 = Release|Any CPU
		{8E851B4C-FB56-431D-A9B6-7762AEDBB715}.Release|x64.ActiveCfg = Release|Any CPU
		{8E851B4C-FB56-431D-A9B6-7762AEDBB715}.Release|x64.Build.0 = Release|Any CPU
		{8E851B4C-FB56-431D-A9B6-7762AEDBB715}.Release|x86.ActiveCfg = Release|Any CPU
		{8E851B4C-FB56-431D-A9B6-7762AEDBB715}.Release|x86.Build.0 = Release|Any CPU
		{E27D320E-DED0-4BC9-9ADE-89EDC48E44DA}.Debug|Any CPU.ActiveCfg = Debug|Any CPU
		{E27D320E-DED0-4BC9-9ADE-89EDC48E44DA}.Debug|Any CPU.Build.0 = Debug|Any CPU
		{E27D320E-DED0-4BC9-9ADE-89EDC48E44DA}.Debug|x64.ActiveCfg = Debug|Any CPU
		{E27D320E-DED0-4BC9-9ADE-89EDC48E44DA}.Debug|x64.Build.0 = Debug|Any CPU
		{E27D320E-DED0-4BC9-9ADE-89EDC48E44DA}.Debug|x86.ActiveCfg = Debug|Any CPU
		{E27D320E-DED0-4BC9-9ADE-89EDC48E44DA}.Debug|x86.Build.0 = Debug|Any CPU
		{E27D320E-DED0-4BC9-9ADE-89EDC48E44DA}.Release|Any CPU.ActiveCfg = Release|Any CPU
		{E27D320E-DED0-4BC9-9ADE-89EDC48E44DA}.Release|Any CPU.Build.0 = Release|Any CPU
		{E27D320E-DED0-4BC9-9ADE-89EDC48E44DA}.Release|x64.ActiveCfg = Release|Any CPU
		{E27D320E-DED0-4BC9-9ADE-89EDC48E44DA}.Release|x64.Build.0 = Release|Any CPU
		{E27D320E-DED0-4BC9-9ADE-89EDC48E44DA}.Release|x86.ActiveCfg = Release|Any CPU
		{E27D320E-DED0-4BC9-9ADE-89EDC48E44DA}.Release|x86.Build.0 = Release|Any CPU
	EndGlobalSection
	GlobalSection(SolutionProperties) = preSolution
		HideSolutionNode = FALSE
	EndGlobalSection
	GlobalSection(NestedProjects) = preSolution
		{B647B9EB-9F7F-450A-A512-BCAB0FE67270} = {CB1BAEB3-CC85-4882-95EB-86A0B2857743}
		{02A518FE-2921-4986-9584-F5CDFB087432} = {9D57B6C8-101F-4565-88BC-FC7C1E2B3771}
		{5774AB9D-14DB-437C-8730-E2FBEEB2F494} = {FB50272E-FFB4-44FD-B504-FE4AA3450088}
		{CB1BAEB3-CC85-4882-95EB-86A0B2857743} = {02EA681E-C7D8-13C7-8484-4AC65E1B71E8}
		{95B6F1B1-E590-4146-9B8C-AE61B53A1EE2} = {02EA681E-C7D8-13C7-8484-4AC65E1B71E8}
		{9D57B6C8-101F-4565-88BC-FC7C1E2B3771} = {02EA681E-C7D8-13C7-8484-4AC65E1B71E8}
		{05BB4593-248D-4292-B05B-06FF83355A2D} = {02EA681E-C7D8-13C7-8484-4AC65E1B71E8}
		{FB50272E-FFB4-44FD-B504-FE4AA3450088} = {02EA681E-C7D8-13C7-8484-4AC65E1B71E8}
		{7BFB8E1C-B248-4CBF-AC7D-9E8AD2CDFF06} = {95B6F1B1-E590-4146-9B8C-AE61B53A1EE2}
		{5C6AABD0-26E9-4C37-AA1B-7C5EBECB6AF1} = {95B6F1B1-E590-4146-9B8C-AE61B53A1EE2}
		{CECACE5D-AA07-4CC1-AAB3-420BE78C588C} = {95B6F1B1-E590-4146-9B8C-AE61B53A1EE2}
		{D33E5797-8D3F-45FF-8925-B04C541FE596} = {95B6F1B1-E590-4146-9B8C-AE61B53A1EE2}
		{525521F4-32D6-4948-31A0-E00F3BD3DFB0} = {0D47B5B3-C8F4-4034-92A3-7A0091B7E2BB}
		{2AA139D8-512D-F5D6-C729-BC55EAAB4EA1} = {0D47B5B3-C8F4-4034-92A3-7A0091B7E2BB}
		{5D97F848-797F-C8C5-1082-826CB0C860D0} = {0D47B5B3-C8F4-4034-92A3-7A0091B7E2BB}
		{3306EFAF-4894-B410-A69D-9219009CDCDC} = {0D47B5B3-C8F4-4034-92A3-7A0091B7E2BB}
		{6BF5C5D6-5983-4C5F-AB7A-EEB16F58C840} = {05BB4593-248D-4292-B05B-06FF83355A2D}
		{09B1A940-D74A-4575-8153-B21A87613048} = {05BB4593-248D-4292-B05B-06FF83355A2D}
		{4B51F831-B61F-4912-A890-6EDEAE28078A} = {05BB4593-248D-4292-B05B-06FF83355A2D}
		{C1F451B7-403D-4B1E-B0F3-AACA462A4221} = {05BB4593-248D-4292-B05B-06FF83355A2D}
		{4E6F8074-03EA-4B38-EEAB-F6322399E7B5} = {05BB4593-248D-4292-B05B-06FF83355A2D}
		{0428DBBE-AF00-C5CE-CF38-0169EE91C8CF} = {05BB4593-248D-4292-B05B-06FF83355A2D}
		{8916F5F1-E53C-B523-83CF-7F7BE0C557D2} = {05BB4593-248D-4292-B05B-06FF83355A2D}
		{E3634C04-C7AF-6558-D395-7528A3731B3B} = {05BB4593-248D-4292-B05B-06FF83355A2D}
		{A8910A58-0136-1637-1150-AFD5E982F66A} = {02EA681E-C7D8-13C7-8484-4AC65E1B71E8}
		{E3308272-A458-494E-98A2-1B7C04AB8AC3} = {A8910A58-0136-1637-1150-AFD5E982F66A}
		{7F27D1CD-BC5D-4456-8E6B-4E63D2A03586} = {A8910A58-0136-1637-1150-AFD5E982F66A}
		{2C918C29-F989-40F1-B1E4-80FEC0F569EB} = {A8910A58-0136-1637-1150-AFD5E982F66A}
		{1FECD1FB-4BAA-42AF-8E4A-798C5FF7978A} = {A8910A58-0136-1637-1150-AFD5E982F66A}
		{B3D66B39-73E9-4431-BD9E-D2717762F46F} = {A8910A58-0136-1637-1150-AFD5E982F66A}
		{11C86CEB-1F51-4632-A35F-58E9ACBD329A} = {5E746822-4A82-662F-85CB-D280CE59549D}
		{DDA592C9-B832-B684-8271-BCA359D343F4} = {0D47B5B3-C8F4-4034-92A3-7A0091B7E2BB}
		{C0EFCC4E-1428-483E-B942-2017CD2AE90E} = {DDA592C9-B832-B684-8271-BCA359D343F4}
		{7CEFDF29-C83A-4324-83EF-C7264729E183} = {5E746822-4A82-662F-85CB-D280CE59549D}
		{026D413B-6BA1-4CF9-952C-F7593BA13ABF} = {5E746822-4A82-662F-85CB-D280CE59549D}
		{9B08710F-2FAC-4957-A588-E14B3F9F2EC0} = {05BB4593-248D-4292-B05B-06FF83355A2D}
		{FB4B2025-2791-4D93-BBA1-A67BBD75F769} = {05BB4593-248D-4292-B05B-06FF83355A2D}
		{9483E7BF-E09F-4E89-8EC7-41BF00B2B14B} = {A8910A58-0136-1637-1150-AFD5E982F66A}
		{8E851B4C-FB56-431D-A9B6-7762AEDBB715} = {05BB4593-248D-4292-B05B-06FF83355A2D}
		{E27D320E-DED0-4BC9-9ADE-89EDC48E44DA} = {05BB4593-248D-4292-B05B-06FF83355A2D}
	EndGlobalSection
	GlobalSection(ExtensibilityGlobals) = postSolution
		SolutionGuid = {8DF18C70-881E-4A42-A9B0-BAD283D97E48}
	EndGlobalSection
EndGlobal
