<Solution>
  <Folder Name="/src/" />
  <Folder Name="/tests/" />
  <Project Path="src/1.API/CapitalUniversity.API/CapitalUniversity.API.csproj" />
  <Project Path="src/2.Core/CapitalUniversity.Core.Abstractions/CapitalUniversity.Core.Abstractions.csproj" />
  <Project Path="src/2.Core/CapitalUniversity.Core.Application/CapitalUniversity.Core.Application.csproj" />
  <Project Path="src/2.Core/CapitalUniversity.Core.Domain/CapitalUniversity.Core.Domain.csproj" />
  <Project Path="src/2.Core/CapitalUniversity.Core.Infrastructure/CapitalUniversity.Core.Infrastructure.csproj" />
  <Project Path="src/3.SharedKernel/CapitalUniversity.SharedKernel/CapitalUniversity.SharedKernel.csproj" />
  <Project Path="src/4.Modules/CapitalUniversity.Module.Student.Abstractions/CapitalUniversity.Module.Student.Abstractions.csproj" />
  <Project Path="src/4.Modules/CapitalUniversity.Module.Student/CapitalUniversity.Module.Student.csproj" />
  <Project Path="src/5.Application/CapitalUniversity.Application/CapitalUniversity.Application.csproj" />
</Solution>